
Microsoft Visual Studio Solution File, Format Version 12.00
# Visual Studio Version 16
VisualStudioVersion = 16.0.28729.10
MinimumVisualStudioVersion = 10.0.40219.1
Project("{FAE04EC0-301F-11D3-BF4B-00C04F79EFBC}") = "WORD DISPLAY AND COUNTER", "WORD DISPLAY AND COUNTER\WORD DISPLAY AND COUNTER.csproj", "{195D9566-CCC5-46A1-8E61-9148FA03A583}"
EndProject
Global
	GlobalSection(SolutionConfigurationPlatforms) = preSolution
		Debug|Any CPU = Debug|Any CPU
		Release|Any CPU = Release|Any CPU
	EndGlobalSection
	GlobalSection(ProjectConfigurationPlatforms) = postSolution
		{195D9566-CCC5-46A1-8E61-9148FA03A583}.Debug|Any CPU.ActiveCfg = Debug|Any CPU
		{195D9566-CCC5-46A1-8E61-9148FA03A583}.Debug|Any CPU.Build.0 = Debug|Any CPU
		{195D9566-CCC5-46A1-8E61-9148FA03A583}.Release|Any CPU.ActiveCfg = Release|Any CPU
		{195D9566-CCC5-46A1-8E61-9148FA03A583}.Release|Any CPU.Build.0 = Release|Any CPU
	EndGlobalSection
	GlobalSection(SolutionProperties) = preSolution
		HideSolutionNode = FALSE
	EndGlobalSection
	GlobalSection(ExtensibilityGlobals) = postSolution
		SolutionGuid = {FE2FC92A-7784-4B6A-B811-974D3892FF48}
	EndGlobalSection
EndGlobal
